
Microsoft Visual Studio Solution File, Format Version 11.00
# Visual Studio 2010
Project("{FAE04EC0-301F-11D3-BF4B-00C04F79EFBC}") = "XNAFirstPersonCamera", "XNAFirstPersonCamera.csproj", "{465C6D89-3778-4C1B-8527-1C17FD62EC01}"
EndProject
Project("{FAE04EC0-301F-11D3-BF4B-00C04F79EFBC}") = "XNAFirstPersonCameraContent", "Content\XNAFirstPersonCameraContent.contentproj", "{3165070B-10C6-45CE-9D58-4EA794E00DE9}"
EndProject
Global
	GlobalSection(SolutionConfigurationPlatforms) = preSolution
		Debug|x86 = Debug|x86
		Release|x86 = Release|x86
	EndGlobalSection
	GlobalSection(ProjectConfigurationPlatforms) = postSolution
		{465C6D89-3778-4C1B-8527-1C17FD62EC01}.Debug|x86.ActiveCfg = Debug|x86
		{465C6D89-3778-4C1B-8527-1C17FD62EC01}.Debug|x86.Build.0 = Debug|x86
		{465C6D89-3778-4C1B-8527-1C17FD62EC01}.Release|x86.ActiveCfg = Release|x86
		{465C6D89-3778-4C1B-8527-1C17FD62EC01}.Release|x86.Build.0 = Release|x86
		{3165070B-10C6-45CE-9D58-4EA794E00DE9}.Debug|x86.ActiveCfg = Debug|x86
		{3165070B-10C6-45CE-9D58-4EA794E00DE9}.Release|x86.ActiveCfg = Release|x86
	EndGlobalSection
	GlobalSection(SolutionProperties) = preSolution
		HideSolutionNode = FALSE
	EndGlobalSection
	GlobalSection(ExtensibilityGlobals) = postSolution
		VisualSVNWorkingCopyRoot = .
	EndGlobalSection
EndGlobal
